dependencies:
- name: rabbitmq
  repository: oci://registry-1.docker.io/cloudpirates
  version: 0.3.2
- name: postgres
  repository: oci://registry-1.docker.io/cloudpirates
  version: 0.7.3
- name: minio
  repository: https://charts.bitnami.com/bitnami
  version: 11.10.3
digest: sha256:0e95383933f3249335bb0b5e6b72b45763dc9fd078e3d86a37bf46e910c51de3
generated: "2025-10-09T13:47:55.981685779Z"
